// !$*UTF8*$!
{
	archiveVersion = 1;
	classes = {
	};
	objectVersion = 50;
	objects = {

/* Begin PBXBuildFile section */
		FA3842C2218BD96300FD9F6E /* AppDelegate.swift in Sources */ = {isa = PBXBuildFile; fileRef = FA3842C1218BD96300FD9F6E /* AppDelegate.swift */; };
		FA3842C4218BD96300FD9F6E /* ViewController.swift in Sources */ = {isa = PBXBuildFile; fileRef = FA3842C3218BD96300FD9F6E /* ViewController.swift */; };
		FA3842C7218BD96300FD9F6E /* Main.storyboard in Resources */ = {isa = PBXBuildFile; fileRef = FA3842C5218BD96300FD9F6E /* Main.storyboard */; };
		FA3842C9218BD96400FD9F6E /* Assets.xcassets in Resources */ = {isa = PBXBuildFile; fileRef = FA3842C8218BD96400FD9F6E /* Assets.xcassets */; };
		FA3842CC218BD96400FD9F6E /* LaunchScreen.storyboard in Resources */ = {isa = PBXBuildFile; fileRef = FA3842CA218BD96400FD9F6E /* LaunchScreen.storyboard */; };
		FA3842D4218BDAAE00FD9F6E /* extentions.swift in Sources */ = {isa = PBXBuildFile; fileRef = FA3842D3218BDAAE00FD9F6E /* extentions.swift */; };
/* End PBXBuildFile section */

/* Begin PBXFileReference section */
		FA3842BE218BD96300FD9F6E /* IOS-Swift-UIButtonCustomized.app */ = {isa = PBXFileReference; explicitFileType = wrapper.application; includeInIndex = 0; path = "IOS-Swift-UIButtonCustomized.app"; sourceTree = BUILT_PRODUCTS_DIR; };
		FA3842C1218BD96300FD9F6E /* AppDelegate.swift */ = {isa = PBXFileReference; lastKnownFileType = sourcecode.swift; path = AppDelegate.swift; sourceTree = "<group>"; };
		FA3842C3218BD96300FD9F6E /* ViewController.swift */ = {isa = PBXFileReference; lastKnownFileType = sourcecode.swift; path = ViewController.swift; sourceTree = "<group>"; };
		FA3842C6218BD96300FD9F6E /* Base */ = {isa = PBXFileReference; lastKnownFileType = file.storyboard; name = Base; path = Base.lproj/Main.storyboard; sourceTree = "<group>"; };
		FA3842C8218BD96400FD9F6E /* Assets.xcassets */ = {isa = PBXFileReference; lastKnownFileType = folder.assetcatalog; path = Assets.xcassets; sourceTree = "<group>"; };
		FA3842CB218BD96400FD9F6E /* Base */ = {isa = PBXFileReference; lastKnownFileType = file.storyboard; name = Base; path = Base.lproj/LaunchScreen.storyboard; sourceTree = "<group>"; };
		FA3842CD218BD96400FD9F6E /* Info.plist */ = {isa = PBXFileReference; lastKnownFileType = text.plist.xml; path = Info.plist; sourceTree = "<group>"; };
		FA3842D3218BDAAE00FD9F6E /* extentions.swift */ = {isa = PBXFileReference; lastKnownFileType = sourcecode.swift; path = extentions.swift; sourceTree = "<group>"; };
/* End PBXFileReference section */

/* Begin PBXFrameworksBuildPhase section */
		FA3842BB218BD96300FD9F6E /* Frameworks */ = {
			isa = PBXFrameworksBuildPhase;
			buildActionMask = 2147483647;
			files = (
			);
			runOnlyForDeploymentPostprocessing = 0;
		};
/* End PBXFrameworksBuildPhase section */

/* Begin PBXGroup section */
		FA3842B5218BD96300FD9F6E = {
			isa = PBXGroup;
			children = (
				FA3842C0218BD96300FD9F6E /* IOS-Swift-UIButtonCustomized */,
				FA3842BF218BD96300FD9F6E /* Products */,
			);
			sourceTree = "<group>";
		};
		FA3842BF218BD96300FD9F6E /* Products */ = {
			isa = PBXGroup;
			children = (
				FA3842BE218BD96300FD9F6E /* IOS-Swift-UIButtonCustomized.app */,
			);
			name = Products;
			sourceTree = "<group>";
		};
		FA3842C0218BD96300FD9F6E /* IOS-Swift-UIButtonCustomized */ = {
			isa = PBXGroup;
			children = (
				FA3842C1218BD96300FD9F6E /* AppDelegate.swift */,
				FA3842C3218BD96300FD9F6E /* ViewController.swift */,
				FA3842C5218BD96300FD9F6E /* Main.storyboard */,
				FA3842D3218BDAAE00FD9F6E /* extentions.swift */,
				FA3842C8218BD96400FD9F6E /* Assets.xcassets */,
				FA3842CA218BD96400FD9F6E /* LaunchScreen.storyboard */,
				FA3842CD218BD96400FD9F6E /* Info.plist */,
			);
			path = "IOS-Swift-UIButtonCustomized";
			sourceTree = "<group>";
		};
/* End PBXGroup section */

/* Begin PBXNativeTarget section */
		FA3842BD218BD96300FD9F6E /* IOS-Swift-UIButtonCustomized */ = {
			isa = PBXNativeTarget;
			buildConfigurationList = FA3842D0218BD96400FD9F6E /* Build configuration list for PBXNativeTarget "IOS-Swift-UIButtonCustomized" */;
			buildPhases = (
				FA3842BA218BD96300FD9F6E /* Sources */,
				FA3842BB218BD96300FD9F6E /* Frameworks */,
				FA3842BC218BD96300FD9F6E /* Resources */,
			);
			buildRules = (
			);
			dependencies = (
			);
			name = "IOS-Swift-UIButtonCustomized";
			productName = "IOS-Swift-UIButtonCustomized";
			productReference = FA3842BE218BD96300FD9F6E /* IOS-Swift-UIButtonCustomized.app */;
			productType = "com.apple.product-type.application";
		};
/* End PBXNativeTarget section */

/* Begin PBXProject section */
		FA3842B6218BD96300FD9F6E /* Project object */ = {
			isa = PBXProject;
			attributes = {
				LastSwiftUpdateCheck = 1000;
				LastUpgradeCheck = 1000;
				ORGANIZATIONNAME = Pooya;
				TargetAttributes = {
					FA3842BD218BD96300FD9F6E = {
						CreatedOnToolsVersion = 10.0;
					};
				};
			};
			buildConfigurationList = FA3842B9218BD96300FD9F6E /* Build configuration list for PBXProject "IOS-Swift-UIButtonCustomized" */;
			compatibilityVersion = "Xcode 9.3";
			developmentRegion = en;
			hasScannedForEncodings = 0;
			knownRegions = (
				en,
				Base,
			);
			mainGroup = FA3842B5218BD96300FD9F6E;
			productRefGroup = FA3842BF218BD96300FD9F6E /* Products */;
			projectDirPath = "";
			projectRoot = "";
			targets = (
				FA3842BD218BD96300FD9F6E /* IOS-Swift-UIButtonCustomized */,
			);
		};
/* End PBXProject section */

/* Begin PBXResourcesBuildPhase section */
		FA3842BC218BD96300FD9F6E /* Resources */ = {
			isa = PBXResourcesBuildPhase;
			buildActionMask = 2147483647;
			files = (
				FA3842CC218BD96400FD9F6E /* LaunchScreen.storyboard in Resources */,
				FA3842C9218BD96400FD9F6E /* Assets.xcassets in Resources */,
				FA3842C7218BD96300FD9F6E /* Main.storyboard in Resources */,
			);
			runOnlyForDeploymentPostprocessing = 0;
		};
/* End PBXResourcesBuildPhase section */

/* Begin PBXSourcesBuildPhase section */
		FA3842BA218BD96300FD9F6E /* Sources */ = {
			isa = PBXSourcesBuildPhase;
			buildActionMask = 2147483647;
			files = (
				FA3842D4218BDAAE00FD9F6E /* extentions.swift in Sources */,
				FA3842C4218BD96300FD9F6E /* ViewController.swift in Sources */,
				FA3842C2218BD96300FD9F6E /* AppDelegate.swift in Sources */,
			);
			runOnlyForDeploymentPostprocessing = 0;
		};
/* End PBXSourcesBuildPhase section */

/* Begin PBXVariantGroup section */
		FA3842C5218BD96300FD9F6E /* Main.storyboard */ = {
			isa = PBXVariantGroup;
			children = (
				FA3842C6218BD96300FD9F6E /* Base */,
			);
			name = Main.storyboard;
			sourceTree = "<group>";
		};
		FA3842CA218BD96400FD9F6E /* LaunchScreen.storyboard */ = {
			isa = PBXVariantGroup;
			children = (
				FA3842CB218BD96400FD9F6E /* Base */,
			);
			name = LaunchScreen.storyboard;
			sourceTree = "<group>";
		};
/* End PBXVariantGroup section */

/* Begin XCBuildConfiguration section */
		FA3842CE218BD96400FD9F6E /* Debug */ = {
			isa = XCBuildConfiguration;
			buildSettings = {
				ALWAYS_SEARCH_USER_PATHS = NO;
				CLANG_ANALYZER_NONNULL = YES;
				CLANG_ANALYZER_NUMBER_OBJECT_CONVERSION = YES_AGGRESSIVE;
				CLANG_CXX_LANGUAGE_STANDARD = "gnu++14";
				CLANG_CXX_LIBRARY = "libc++";
				CLANG_ENABLE_MODULES = YES;
				CLANG_ENABLE_OBJC_ARC = YES;
				CLANG_ENABLE_OBJC_WEAK = YES;
				CLANG_WARN_BLOCK_CAPTURE_AUTORELEASING = YES;
				CLANG_WARN_BOOL_CONVERSION = YES;
				CLANG_WARN_COMMA = YES;
				CLANG_WARN_CONSTANT_CONVERSION = YES;
				CLANG_WARN_DEPRECATED_OBJC_IMPLEMENTATIONS = YES;
				CLANG_WARN_DIRECT_OBJC_ISA_USAGE = YES_ERROR;
				CLANG_WARN_DOCUMENTATION_COMMENTS = YES;
				CLANG_WARN_EMPTY_BODY = YES;
				CLANG_WARN_ENUM_CONVERSION = YES;
				CLANG_WARN_INFINITE_RECURSION = YES;
				CLANG_WARN_INT_CONVERSION = YES;
				CLANG_WARN_NON_LITERAL_NULL_CONVERSION = YES;
				CLANG_WARN_OBJC_IMPLICIT_RETAIN_SELF = YES;
				CLANG_WARN_OBJC_LITERAL_CONVERSION = YES;
				CLANG_WARN_OBJC_ROOT_CLASS = YES_ERROR;
				CLANG_WARN_RANGE_LOOP_ANALYSIS = YES;
				CLANG_WARN_STRICT_PROTOTYPES = YES;
				CLANG_WARN_SUSPICIOUS_MOVE = YES;
				CLANG_WARN_UNGUARDED_AVAILABILITY = YES_AGGRESSIVE;
				CLANG_WARN_UNREACHABLE_CODE = YES;
				CLANG_WARN__DUPLICATE_METHOD_MATCH = YES;
				CODE_SIGN_IDENTITY = "iPhone Developer";
				COPY_PHASE_STRIP = NO;
				DEBUG_INFORMATION_FORMAT = dwarf;
				ENABLE_STRICT_OBJC_MSGSEND = YES;
				ENABLE_TESTABILITY = YES;
				GCC_C_LANGUAGE_STANDARD = gnu11;
				GCC_DYNAMIC_NO_PIC = NO;
				GCC_NO_COMMON_BLOCKS = YES;
				GCC_OPTIMIZATION_LEVEL = 0;
				GCC_PREPROCESSOR_DEFINITIONS = (
					"DEBUG=1",
					"$(inherited)",
				);
				GCC_WARN_64_TO_32_BIT_CONVERSION = YES;
				GCC_WARN_ABOUT_RETURN_TYPE = YES_ERROR;
				GCC_WARN_UNDECLARED_SELECTOR = YES;
				GCC_WARN_UNINITIALIZED_AUTOS = YES_AGGRESSIVE;
				GCC_WARN_UNUSED_FUNCTION = YES;
				GCC_WARN_UNUSED_VARIABLE = YES;
				IPHONEOS_DEPLOYMENT_TARGET = 12.0;
				MTL_ENABLE_DEBUG_INFO = INCLUDE_SOURCE;
				MTL_FAST_MATH = YES;
				ONLY_ACTIVE_ARCH = YES;
				SDKROOT = iphoneos;
				SWIFT_ACTIVE_COMPILATION_CONDITIONS = DEBUG;
				SWIFT_OPTIMIZATION_LEVEL = "-Onone";
			};
			name = Debug;
		};
		FA3842CF218BD96400FD9F6E /* Release */ = {
			isa = XCBuildConfiguration;
			buildSettings = {
				ALWAYS_SEARCH_USER_PATHS = NO;
				CLANG_ANALYZER_NONNULL = YES;
				CLANG_ANALYZER_NUMBER_OBJECT_CONVERSION = YES_AGGRESSIVE;
				CLANG_CXX_LANGUAGE_STANDARD = "gnu++14";
				CLANG_CXX_LIBRARY = "libc++";
				CLANG_ENABLE_MODULES = YES;
				CLANG_ENABLE_OBJC_ARC = YES;
				CLANG_ENABLE_OBJC_WEAK = YES;
				CLANG_WARN_BLOCK_CAPTURE_AUTORELEASING = YES;
				CLANG_WARN_BOOL_CONVERSION = YES;
				CLANG_WARN_COMMA = YES;
				CLANG_WARN_CONSTANT_CONVERSION = YES;
				CLANG_WARN_DEPRECATED_OBJC_IMPLEMENTATIONS = YES;
				CLANG_WARN_DIRECT_OBJC_ISA_USAGE = YES_ERROR;
				CLANG_WARN_DOCUMENTATION_COMMENTS = YES;
				CLANG_WARN_EMPTY_BODY = YES;
				CLANG_WARN_ENUM_CONVERSION = YES;
				CLANG_WARN_INFINITE_RECURSION = YES;
				CLANG_WARN_INT_CONVERSION = YES;
				CLANG_WARN_NON_LITERAL_NULL_CONVERSION = YES;
				CLANG_WARN_OBJC_IMPLICIT_RETAIN_SELF = YES;
				CLANG_WARN_OBJC_LITERAL_CONVERSION = YES;
				CLANG_WARN_OBJC_ROOT_CLASS = YES_ERROR;
				CLANG_WARN_RANGE_LOOP_ANALYSIS = YES;
				CLANG_WARN_STRICT_PROTOTYPES = YES;
				CLANG_WARN_SUSPICIOUS_MOVE = YES;
				CLANG_WARN_UNGUARDED_AVAILABILITY = YES_AGGRESSIVE;
				CLANG_WARN_UNREACHABLE_CODE = YES;
				CLANG_WARN__DUPLICATE_METHOD_MATCH = YES;
				CODE_SIGN_IDENTITY = "iPhone Developer";
				COPY_PHASE_STRIP = NO;
				DEBUG_INFORMATION_FORMAT = "dwarf-with-dsym";
				ENABLE_NS_ASSERTIONS = NO;
				ENABLE_STRICT_OBJC_MSGSEND = YES;
				GCC_C_LANGUAGE_STANDARD = gnu11;
				GCC_NO_COMMON_BLOCKS = YES;
				GCC_WARN_64_TO_32_BIT_CONVERSION = YES;
				GCC_WARN_ABOUT_RETURN_TYPE = YES_ERROR;
				GCC_WARN_UNDECLARED_SELECTOR = YES;
				GCC_WARN_UNINITIALIZED_AUTOS = YES_AGGRESSIVE;
				GCC_WARN_UNUSED_FUNCTION = YES;
				GCC_WARN_UNUSED_VARIABLE = YES;
				IPHONEOS_DEPLOYMENT_TARGET = 12.0;
				MTL_ENABLE_DEBUG_INFO = NO;
				MTL_FAST_MATH = YES;
				SDKROOT = iphoneos;
				SWIFT_COMPILATION_MODE = wholemodule;
				SWIFT_OPTIMIZATION_LEVEL = "-O";
				VALIDATE_PRODUCT = YES;
			};
			name = Release;
		};
		FA3842D1218BD96400FD9F6E /* Debug */ = {
			isa = XCBuildConfiguration;
			buildSettings = {
				ASSETCATALOG_COMPILER_APPICON_NAME = AppIcon;
				CODE_SIGN_STYLE = Automatic;
				INFOPLIST_FILE = "IOS-Swift-UIButtonCustomized/Info.plist";
				LD_RUNPATH_SEARCH_PATHS = (
					"$(inherited)",
					"@executable_path/Frameworks",
				);
				PRODUCT_BUNDLE_IDENTIFIER = "com.pooya.brain.dev.IOS-Swift-UIButtonCustomized";
				PRODUCT_NAME = "$(TARGET_NAME)";
				SWIFT_VERSION = 4.2;
				TARGETED_DEVICE_FAMILY = "1,2";
			};
			name = Debug;
		};
		FA3842D2218BD96400FD9F6E /* Release */ = {
			isa = XCBuildConfiguration;
			buildSettings = {
				ASSETCATALOG_COMPILER_APPICON_NAME = AppIcon;
				CODE_SIGN_STYLE = Automatic;
				INFOPLIST_FILE = "IOS-Swift-UIButtonCustomized/Info.plist";
				LD_RUNPATH_SEARCH_PATHS = (
					"$(inherited)",
					"@executable_path/Frameworks",
				);
				PRODUCT_BUNDLE_IDENTIFIER = "com.pooya.brain.dev.IOS-Swift-UIButtonCustomized";
				PRODUCT_NAME = "$(TARGET_NAME)";
				SWIFT_VERSION = 4.2;
				TARGETED_DEVICE_FAMILY = "1,2";
			};
			name = Release;
		};
/* End XCBuildConfiguration section */

/* Begin XCConfigurationList section */
		FA3842B9218BD96300FD9F6E /* Build configuration list for PBXProject "IOS-Swift-UIButtonCustomized" */ = {
			isa = XCConfigurationList;
			buildConfigurations = (
				FA3842CE218BD96400FD9F6E /* Debug */,
				FA3842CF218BD96400FD9F6E /* Release */,
			);
			defaultConfigurationIsVisible = 0;
			defaultConfigurationName = Release;
		};
		FA3842D0218BD96400FD9F6E /* Build configuration list for PBXNativeTarget "IOS-Swift-UIButtonCustomized" */ = {
			isa = XCConfigurationList;
			buildConfigurations = (
				FA3842D1218BD96400FD9F6E /* Debug */,
				FA3842D2218BD96400FD9F6E /* Release */,
			);
			defaultConfigurationIsVisible = 0;
			defaultConfigurationName = Release;
		};
/* End XCConfigurationList section */
	};
	rootObject = FA3842B6218BD96300FD9F6E /* Project object */;
}
